NeoBundleLock neobundle.vim b9ce3904b44af0907c3621a172a0ee5c31a5556f
NeoBundleLock nerdtree 3b98a7fcae8f9fff356907171f0406ff8cd28921
NeoBundleLock syntastic cb64516d4d6786e63071c313fce074f690bc17be
NeoBundleLock vim-smartinput 78ab4b3df24fa2753d3dfc1be75ed5a3df1565b8
NeoBundleLock vim-smartinput-endwise a5625d9aa971f8236ffadb398679f56f00b0b57f
